// !$*UTF8*$!
{
	archiveVersion = 1;
	classes = {
	};
	objectVersion = 56;
	objects = {

/* Begin PBXBuildFile section */
		D7C423192BDDCA2200789860 /* RecipeAppApp.swift in Sources */ = {isa = PBXBuildFile; fileRef = D7C423182BDDCA2200789860 /* RecipeAppApp.swift */; };
		D7C4231B2BDDCA2200789860 /* ContentView.swift in Sources */ = {isa = PBXBuildFile; fileRef = D7C4231A2BDDCA2200789860 /* ContentView.swift */; };
		D7C4231D2BDDCA2300789860 /* Assets.xcassets in Resources */ = {isa = PBXBuildFile; fileRef = D7C4231C2BDDCA2300789860 /* Assets.xcassets */; };
		D7C423202BDDCA2300789860 /* Preview Assets.xcassets in Resources */ = {isa = PBXBuildFile; fileRef = D7C4231F2BDDCA2300789860 /* Preview Assets.xcassets */; };
		D7C4232B2BDDCAF700789860 /* CategoriesView.swift in Sources */ = {isa = PBXBuildFile; fileRef = D7C4232A2BDDCAF700789860 /* CategoriesView.swift */; };
		D7C4232F2BDDCB1700789860 /* HomeView.swift in Sources */ = {isa = PBXBuildFile; fileRef = D7C4232E2BDDCB1700789860 /* HomeView.swift */; };
		D7C423312BDDCB3000789860 /* NewRecipeView.swift in Sources */ = {isa = PBXBuildFile; fileRef = D7C423302BDDCB3000789860 /* NewRecipeView.swift */; };
		D7C423332BDDCB4600789860 /* FavoritesView.swift in Sources */ = {isa = PBXBuildFile; fileRef = D7C423322BDDCB4600789860 /* FavoritesView.swift */; };
		D7C423392BDDCDDF00789860 /* MenuBar.swift in Sources */ = {isa = PBXBuildFile; fileRef = D7C423382BDDCDDF00789860 /* MenuBar.swift */; };
		D7C4233B2BDDCFDC00789860 /* GroceryListView.swift in Sources */ = {isa = PBXBuildFile; fileRef = D7C4233A2BDDCFDC00789860 /* GroceryListView.swift */; };
		D7C4233D2BDDD27600789860 /* RecipeModel.swift in Sources */ = {isa = PBXBuildFile; fileRef = D7C4233C2BDDD27600789860 /* RecipeModel.swift */; };
		D7C423422BDDD6E800789860 /* FirebaseFirestore in Frameworks */ = {isa = PBXBuildFile; productRef = D7C423412BDDD6E800789860 /* FirebaseFirestore */; };
		D7C423442BDDD6E800789860 /* FirebaseFirestoreSwift in Frameworks */ = {isa = PBXBuildFile; productRef = D7C423432BDDD6E800789860 /* FirebaseFirestoreSwift */; };
		D7C423462BDDD9DB00789860 /* RecipeViewModel.swift in Sources */ = {isa = PBXBuildFile; fileRef = D7C423452BDDD9DB00789860 /* RecipeViewModel.swift */; };
		D7C423482BDDDD1200789860 /* GoogleService-Info.plist in Resources */ = {isa = PBXBuildFile; fileRef = D7C423472BDDDD1200789860 /* GoogleService-Info.plist */; };
		D7C4234A2BDDDE5900789860 /* RecipeDetailView.swift in Sources */ = {isa = PBXBuildFile; fileRef = D7C423492BDDDE5900789860 /* RecipeDetailView.swift */; };
		D7C4234C2BDEB9E200789860 /* RecipeCard.swift in Sources */ = {isa = PBXBuildFile; fileRef = D7C4234B2BDEB9E200789860 /* RecipeCard.swift */; };
		D7C4234E2BDEBFFC00789860 /* RecipeCardGrid.swift in Sources */ = {isa = PBXBuildFile; fileRef = D7C4234D2BDEBFFC00789860 /* RecipeCardGrid.swift */; };
/* End PBXBuildFile section */

/* Begin PBXFileReference section */
		D7C423152BDDCA2200789860 /* RecipeApp.app */ = {isa = PBXFileReference; explicitFileType = wrapper.application; includeInIndex = 0; path = RecipeApp.app; sourceTree = BUILT_PRODUCTS_DIR; };
		D7C423182BDDCA2200789860 /* RecipeAppApp.swift */ = {isa = PBXFileReference; lastKnownFileType = sourcecode.swift; path = RecipeAppApp.swift; sourceTree = "<group>"; };
		D7C4231A2BDDCA2200789860 /* ContentView.swift */ = {isa = PBXFileReference; lastKnownFileType = sourcecode.swift; path = ContentView.swift; sourceTree = "<group>"; };
		D7C4231C2BDDCA2300789860 /* Assets.xcassets */ = {isa = PBXFileReference; lastKnownFileType = folder.assetcatalog; path = Assets.xcassets; sourceTree = "<group>"; };
		D7C4231F2BDDCA2300789860 /* Preview Assets.xcassets */ = {isa = PBXFileReference; lastKnownFileType = folder.assetcatalog; path = "Preview Assets.xcassets"; sourceTree = "<group>"; };
		D7C4232A2BDDCAF700789860 /* CategoriesView.swift */ = {isa = PBXFileReference; lastKnownFileType = sourcecode.swift; path = CategoriesView.swift; sourceTree = "<group>"; };
		D7C4232E2BDDCB1700789860 /* HomeView.swift */ = {isa = PBXFileReference; lastKnownFileType = sourcecode.swift; path = HomeView.swift; sourceTree = "<group>"; };
		D7C423302BDDCB3000789860 /* NewRecipeView.swift */ = {isa = PBXFileReference; lastKnownFileType = sourcecode.swift; path = NewRecipeView.swift; sourceTree = "<group>"; };
		D7C423322BDDCB4600789860 /* FavoritesView.swift */ = {isa = PBXFileReference; lastKnownFileType = sourcecode.swift; path = FavoritesView.swift; sourceTree = "<group>"; };
		D7C423382BDDCDDF00789860 /* MenuBar.swift */ = {isa = PBXFileReference; lastKnownFileType = sourcecode.swift; path = MenuBar.swift; sourceTree = "<group>"; };
		D7C4233A2BDDCFDC00789860 /* GroceryListView.swift */ = {isa = PBXFileReference; lastKnownFileType = sourcecode.swift; path = GroceryListView.swift; sourceTree = "<group>"; };
		D7C4233C2BDDD27600789860 /* RecipeModel.swift */ = {isa = PBXFileReference; lastKnownFileType = sourcecode.swift; path = RecipeModel.swift; sourceTree = "<group>"; };
		D7C423452BDDD9DB00789860 /* RecipeViewModel.swift */ = {isa = PBXFileReference; lastKnownFileType = sourcecode.swift; path = RecipeViewModel.swift; sourceTree = "<group>"; };
		D7C423472BDDDD1200789860 /* GoogleService-Info.plist */ = {isa = PBXFileReference; fileEncoding = 4; lastKnownFileType = text.plist.xml; path = "GoogleService-Info.plist"; sourceTree = "<group>"; };
		D7C423492BDDDE5900789860 /* RecipeDetailView.swift */ = {isa = PBXFileReference; lastKnownFileType = sourcecode.swift; path = RecipeDetailView.swift; sourceTree = "<group>"; };
		D7C4234B2BDEB9E200789860 /* RecipeCard.swift */ = {isa = PBXFileReference; lastKnownFileType = sourcecode.swift; path = RecipeCard.swift; sourceTree = "<group>"; };
		D7C4234D2BDEBFFC00789860 /* RecipeCardGrid.swift */ = {isa = PBXFileReference; lastKnownFileType = sourcecode.swift; path = RecipeCardGrid.swift; sourceTree = "<group>"; };
/* End PBXFileReference section */

/* Begin PBXFrameworksBuildPhase section */
		D7C423122BDDCA2200789860 /* Frameworks */ = {
			isa = PBXFrameworksBuildPhase;
			buildActionMask = 2147483647;
			files = (
				D7C423422BDDD6E800789860 /* FirebaseFirestore in Frameworks */,
				D7C423442BDDD6E800789860 /* FirebaseFirestoreSwift in Frameworks */,
			);
			runOnlyForDeploymentPostprocessing = 0;
		};
/* End PBXFrameworksBuildPhase section */

/* Begin PBXGroup section */
		D7C4230C2BDDCA2200789860 = {
			isa = PBXGroup;
			children = (
				D7C423172BDDCA2200789860 /* RecipeApp */,
				D7C423162BDDCA2200789860 /* Products */,
			);
			sourceTree = "<group>";
		};
		D7C423162BDDCA2200789860 /* Products */ = {
			isa = PBXGroup;
			children = (
				D7C423152BDDCA2200789860 /* RecipeApp.app */,
			);
			name = Products;
			sourceTree = "<group>";
		};
		D7C423172BDDCA2200789860 /* RecipeApp */ = {
			isa = PBXGroup;
			children = (
				D7C423282BDDCAAC00789860 /* ViewModels */,
				D7C423272BDDCAA500789860 /* Models */,
				D7C423262BDDCA9C00789860 /* Views */,
				D7C423182BDDCA2200789860 /* RecipeAppApp.swift */,
				D7C423472BDDDD1200789860 /* GoogleService-Info.plist */,
				D7C4231C2BDDCA2300789860 /* Assets.xcassets */,
				D7C4231E2BDDCA2300789860 /* Preview Content */,
			);
			path = RecipeApp;
			sourceTree = "<group>";
		};
		D7C4231E2BDDCA2300789860 /* Preview Content */ = {
			isa = PBXGroup;
			children = (
				D7C4231F2BDDCA2300789860 /* Preview Assets.xcassets */,
			);
			path = "Preview Content";
			sourceTree = "<group>";
		};
		D7C423262BDDCA9C00789860 /* Views */ = {
			isa = PBXGroup;
			children = (
				D7C423362BDDCB8000789860 /* Detail */,
				D7C423292BDDCAD700789860 /* Main */,
				D7C423372BDDCB8800789860 /* Components */,
			);
			path = Views;
			sourceTree = "<group>";
		};
		D7C423272BDDCAA500789860 /* Models */ = {
			isa = PBXGroup;
			children = (
				D7C4233C2BDDD27600789860 /* RecipeModel.swift */,
			);
			path = Models;
			sourceTree = "<group>";
		};
		D7C423282BDDCAAC00789860 /* ViewModels */ = {
			isa = PBXGroup;
			children = (
				D7C423452BDDD9DB00789860 /* RecipeViewModel.swift */,
			);
			path = ViewModels;
			sourceTree = "<group>";
		};
		D7C423292BDDCAD700789860 /* Main */ = {
			isa = PBXGroup;
			children = (
				D7C4231A2BDDCA2200789860 /* ContentView.swift */,
				D7C423382BDDCDDF00789860 /* MenuBar.swift */,
				D7C4232E2BDDCB1700789860 /* HomeView.swift */,
				D7C4232A2BDDCAF700789860 /* CategoriesView.swift */,
				D7C423302BDDCB3000789860 /* NewRecipeView.swift */,
				D7C423322BDDCB4600789860 /* FavoritesView.swift */,
				D7C4233A2BDDCFDC00789860 /* GroceryListView.swift */,
			);
			path = Main;
			sourceTree = "<group>";
		};
		D7C423362BDDCB8000789860 /* Detail */ = {
			isa = PBXGroup;
			children = (
				D7C423492BDDDE5900789860 /* RecipeDetailView.swift */,
			);
			path = Detail;
			sourceTree = "<group>";
		};
		D7C423372BDDCB8800789860 /* Components */ = {
			isa = PBXGroup;
			children = (
				D7C4234B2BDEB9E200789860 /* RecipeCard.swift */,
				D7C4234D2BDEBFFC00789860 /* RecipeCardGrid.swift */,
			);
			path = Components;
			sourceTree = "<group>";
		};
/* End PBXGroup section */

/* Begin PBXNativeTarget section */
		D7C423142BDDCA2200789860 /* RecipeApp */ = {
			isa = PBXNativeTarget;
			buildConfigurationList = D7C423232BDDCA2300789860 /* Build configuration list for PBXNativeTarget "RecipeApp" */;
			buildPhases = (
				D7C423112BDDCA2200789860 /* Sources */,
				D7C423122BDDCA2200789860 /* Frameworks */,
				D7C423132BDDCA2200789860 /* Resources */,
			);
			buildRules = (
			);
			dependencies = (
			);
			name = RecipeApp;
			packageProductDependencies = (
				D7C423412BDDD6E800789860 /* FirebaseFirestore */,
				D7C423432BDDD6E800789860 /* FirebaseFirestoreSwift */,
			);
			productName = RecipeApp;
			productReference = D7C423152BDDCA2200789860 /* RecipeApp.app */;
			productType = "com.apple.product-type.application";
		};
/* End PBXNativeTarget section */

/* Begin PBXProject section */
		D7C4230D2BDDCA2200789860 /* Project object */ = {
			isa = PBXProject;
			attributes = {
				BuildIndependentTargetsInParallel = 1;
				LastSwiftUpdateCheck = 1530;
				LastUpgradeCheck = 1530;
				TargetAttributes = {
					D7C423142BDDCA2200789860 = {
						CreatedOnToolsVersion = 15.3;
					};
				};
			};
			buildConfigurationList = D7C423102BDDCA2200789860 /* Build configuration list for PBXProject "RecipeApp" */;
			compatibilityVersion = "Xcode 14.0";
			developmentRegion = en;
			hasScannedForEncodings = 0;
			knownRegions = (
				en,
				Base,
			);
			mainGroup = D7C4230C2BDDCA2200789860;
			packageReferences = (
				D7C423402BDDD6E800789860 /* XCRemoteSwiftPackageReference "firebase-ios-sdk" */,
			);
			productRefGroup = D7C423162BDDCA2200789860 /* Products */;
			projectDirPath = "";
			projectRoot = "";
			targets = (
				D7C423142BDDCA2200789860 /* RecipeApp */,
			);
		};
/* End PBXProject section */

/* Begin PBXResourcesBuildPhase section */
		D7C423132BDDCA2200789860 /* Resources */ = {
			isa = PBXResourcesBuildPhase;
			buildActionMask = 2147483647;
			files = (
				D7C423202BDDCA2300789860 /* Preview Assets.xcassets in Resources */,
				D7C4231D2BDDCA2300789860 /* Assets.xcassets in Resources */,
				D7C423482BDDDD1200789860 /* GoogleService-Info.plist in Resources */,
			);
			runOnlyForDeploymentPostprocessing = 0;
		};
/* End PBXResourcesBuildPhase section */

/* Begin PBXSourcesBuildPhase section */
		D7C423112BDDCA2200789860 /* Sources */ = {
			isa = PBXSourcesBuildPhase;
			buildActionMask = 2147483647;
			files = (
				D7C4231B2BDDCA2200789860 /* ContentView.swift in Sources */,
				D7C423192BDDCA2200789860 /* RecipeAppApp.swift in Sources */,
				D7C4233B2BDDCFDC00789860 /* GroceryListView.swift in Sources */,
				D7C423312BDDCB3000789860 /* NewRecipeView.swift in Sources */,
				D7C423332BDDCB4600789860 /* FavoritesView.swift in Sources */,
				D7C4234C2BDEB9E200789860 /* RecipeCard.swift in Sources */,
				D7C4232F2BDDCB1700789860 /* HomeView.swift in Sources */,
				D7C423392BDDCDDF00789860 /* MenuBar.swift in Sources */,
				D7C4234A2BDDDE5900789860 /* RecipeDetailView.swift in Sources */,
				D7C4234E2BDEBFFC00789860 /* RecipeCardGrid.swift in Sources */,
				D7C4232B2BDDCAF700789860 /* CategoriesView.swift in Sources */,
				D7C423462BDDD9DB00789860 /* RecipeViewModel.swift in Sources */,
				D7C4233D2BDDD27600789860 /* RecipeModel.swift in Sources */,
			);
			runOnlyForDeploymentPostprocessing = 0;
		};
/* End PBXSourcesBuildPhase section */

/* Begin XCBuildConfiguration section */
		D7C423212BDDCA2300789860 /* Debug */ = {
			isa = XCBuildConfiguration;
			buildSettings = {
				ALWAYS_SEARCH_USER_PATHS = NO;
				ASSETCATALOG_COMPILER_GENERATE_SWIFT_ASSET_SYMBOL_EXTENSIONS = YES;
				CLANG_ANALYZER_NONNULL = YES;
				CLANG_ANALYZER_NUMBER_OBJECT_CONVERSION = YES_AGGRESSIVE;
				CLANG_CXX_LANGUAGE_STANDARD = "gnu++20";
				CLANG_ENABLE_MODULES = YES;
				CLANG_ENABLE_OBJC_ARC = YES;
				CLANG_ENABLE_OBJC_WEAK = YES;
				CLANG_WARN_BLOCK_CAPTURE_AUTORELEASING = YES;
				CLANG_WARN_BOOL_CONVERSION = YES;
				CLANG_WARN_COMMA = YES;
				CLANG_WARN_CONSTANT_CONVERSION = YES;
				CLANG_WARN_DEPRECATED_OBJC_IMPLEMENTATIONS = YES;
				CLANG_WARN_DIRECT_OBJC_ISA_USAGE = YES_ERROR;
				CLANG_WARN_DOCUMENTATION_COMMENTS = YES;
				CLANG_WARN_EMPTY_BODY = YES;
				CLANG_WARN_ENUM_CONVERSION = YES;
				CLANG_WARN_INFINITE_RECURSION = YES;
				CLANG_WARN_INT_CONVERSION = YES;
				CLANG_WARN_NON_LITERAL_NULL_CONVERSION = YES;
				CLANG_WARN_OBJC_IMPLICIT_RETAIN_SELF = YES;
				CLANG_WARN_OBJC_LITERAL_CONVERSION = YES;
				CLANG_WARN_OBJC_ROOT_CLASS = YES_ERROR;
				CLANG_WARN_QUOTED_INCLUDE_IN_FRAMEWORK_HEADER = YES;
				CLANG_WARN_RANGE_LOOP_ANALYSIS = YES;
				CLANG_WARN_STRICT_PROTOTYPES = YES;
				CLANG_WARN_SUSPICIOUS_MOVE = YES;
				CLANG_WARN_UNGUARDED_AVAILABILITY = YES_AGGRESSIVE;
				CLANG_WARN_UNREACHABLE_CODE = YES;
				CLANG_WARN__DUPLICATE_METHOD_MATCH = YES;
				COPY_PHASE_STRIP = NO;
				DEBUG_INFORMATION_FORMAT = dwarf;
				ENABLE_STRICT_OBJC_MSGSEND = YES;
				ENABLE_TESTABILITY = YES;
				ENABLE_USER_SCRIPT_SANDBOXING = YES;
				GCC_C_LANGUAGE_STANDARD = gnu17;
				GCC_DYNAMIC_NO_PIC = NO;
				GCC_NO_COMMON_BLOCKS = YES;
				GCC_OPTIMIZATION_LEVEL = 0;
				GCC_PREPROCESSOR_DEFINITIONS = (
					"DEBUG=1",
					"$(inherited)",
				);
				GCC_WARN_64_TO_32_BIT_CONVERSION = YES;
				GCC_WARN_ABOUT_RETURN_TYPE = YES_ERROR;
				GCC_WARN_UNDECLARED_SELECTOR = YES;
				GCC_WARN_UNINITIALIZED_AUTOS = YES_AGGRESSIVE;
				GCC_WARN_UNUSED_FUNCTION = YES;
				GCC_WARN_UNUSED_VARIABLE = YES;
				IPHONEOS_DEPLOYMENT_TARGET = 17.4;
				LOCALIZATION_PREFERS_STRING_CATALOGS = YES;
				MTL_ENABLE_DEBUG_INFO = INCLUDE_SOURCE;
				MTL_FAST_MATH = YES;
				ONLY_ACTIVE_ARCH = YES;
				SDKROOT = iphoneos;
				SWIFT_ACTIVE_COMPILATION_CONDITIONS = "DEBUG $(inherited)";
				SWIFT_OPTIMIZATION_LEVEL = "-Onone";
			};
			name = Debug;
		};
		D7C423222BDDCA2300789860 /* Release */ = {
			isa = XCBuildConfiguration;
			buildSettings = {
				ALWAYS_SEARCH_USER_PATHS = NO;
				ASSETCATALOG_COMPILER_GENERATE_SWIFT_ASSET_SYMBOL_EXTENSIONS = YES;
				CLANG_ANALYZER_NONNULL = YES;
				CLANG_ANALYZER_NUMBER_OBJECT_CONVERSION = YES_AGGRESSIVE;
				CLANG_CXX_LANGUAGE_STANDARD = "gnu++20";
				CLANG_ENABLE_MODULES = YES;
				CLANG_ENABLE_OBJC_ARC = YES;
				CLANG_ENABLE_OBJC_WEAK = YES;
				CLANG_WARN_BLOCK_CAPTURE_AUTORELEASING = YES;
				CLANG_WARN_BOOL_CONVERSION = YES;
				CLANG_WARN_COMMA = YES;
				CLANG_WARN_CONSTANT_CONVERSION = YES;
				CLANG_WARN_DEPRECATED_OBJC_IMPLEMENTATIONS = YES;
				CLANG_WARN_DIRECT_OBJC_ISA_USAGE = YES_ERROR;
				CLANG_WARN_DOCUMENTATION_COMMENTS = YES;
				CLANG_WARN_EMPTY_BODY = YES;
				CLANG_WARN_ENUM_CONVERSION = YES;
				CLANG_WARN_INFINITE_RECURSION = YES;
				CLANG_WARN_INT_CONVERSION = YES;
				CLANG_WARN_NON_LITERAL_NULL_CONVERSION = YES;
				CLANG_WARN_OBJC_IMPLICIT_RETAIN_SELF = YES;
				CLANG_WARN_OBJC_LITERAL_CONVERSION = YES;
				CLANG_WARN_OBJC_ROOT_CLASS = YES_ERROR;
				CLANG_WARN_QUOTED_INCLUDE_IN_FRAMEWORK_HEADER = YES;
				CLANG_WARN_RANGE_LOOP_ANALYSIS = YES;
				CLANG_WARN_STRICT_PROTOTYPES = YES;
				CLANG_WARN_SUSPICIOUS_MOVE = YES;
				CLANG_WARN_UNGUARDED_AVAILABILITY = YES_AGGRESSIVE;
				CLANG_WARN_UNREACHABLE_CODE = YES;
				CLANG_WARN__DUPLICATE_METHOD_MATCH = YES;
				COPY_PHASE_STRIP = NO;
				DEBUG_INFORMATION_FORMAT = "dwarf-with-dsym";
				ENABLE_NS_ASSERTIONS = NO;
				ENABLE_STRICT_OBJC_MSGSEND = YES;
				ENABLE_USER_SCRIPT_SANDBOXING = YES;
				GCC_C_LANGUAGE_STANDARD = gnu17;
				GCC_NO_COMMON_BLOCKS = YES;
				GCC_WARN_64_TO_32_BIT_CONVERSION = YES;
				GCC_WARN_ABOUT_RETURN_TYPE = YES_ERROR;
				GCC_WARN_UNDECLARED_SELECTOR = YES;
				GCC_WARN_UNINITIALIZED_AUTOS = YES_AGGRESSIVE;
				GCC_WARN_UNUSED_FUNCTION = YES;
				GCC_WARN_UNUSED_VARIABLE = YES;
				IPHONEOS_DEPLOYMENT_TARGET = 17.4;
				LOCALIZATION_PREFERS_STRING_CATALOGS = YES;
				MTL_ENABLE_DEBUG_INFO = NO;
				MTL_FAST_MATH = YES;
				SDKROOT = iphoneos;
				SWIFT_COMPILATION_MODE = wholemodule;
				VALIDATE_PRODUCT = YES;
			};
			name = Release;
		};
		D7C423242BDDCA2300789860 /* Debug */ = {
			isa = XCBuildConfiguration;
			buildSettings = {
				ASSETCATALOG_COMPILER_APPICON_NAME = AppIcon;
				ASSETCATALOG_COMPILER_GLOBAL_ACCENT_COLOR_NAME = AccentColor;
				CODE_SIGN_STYLE = Automatic;
				CURRENT_PROJECT_VERSION = 1;
				DEVELOPMENT_ASSET_PATHS = "\"RecipeApp/Preview Content\"";
				ENABLE_PREVIEWS = YES;
				GENERATE_INFOPLIST_FILE = YES;
				INFOPLIST_KEY_UIApplicationSceneManifest_Generation = YES;
				INFOPLIST_KEY_UIApplicationSupportsIndirectInputEvents = YES;
				INFOPLIST_KEY_UILaunchScreen_Generation = YES;
				INFOPLIST_KEY_UISupportedInterfaceOrientations_iPad = "UIInterfaceOrientationPortrait UIInterfaceOrientationPortraitUpsideDown UIInterfaceOrientationLandscapeLeft UIInterfaceOrientationLandscapeRight";
				INFOPLIST_KEY_UISupportedInterfaceOrientations_iPhone = "UIInterfaceOrientationPortrait UIInterfaceOrientationLandscapeLeft UIInterfaceOrientationLandscapeRight";
				LD_RUNPATH_SEARCH_PATHS = (
					"$(inherited)",
					"@executable_path/Frameworks",
				);
				MARKETING_VERSION = 1.0;
				PRODUCT_BUNDLE_IDENTIFIER = edu.auburn.ejd0052.RecipeApp;
				PRODUCT_NAME = "$(TARGET_NAME)";
				SWIFT_EMIT_LOC_STRINGS = YES;
				SWIFT_VERSION = 5.0;
				TARGETED_DEVICE_FAMILY = "1,2";
			};
			name = Debug;
		};
		D7C423252BDDCA2300789860 /* Release */ = {
			isa = XCBuildConfiguration;
			buildSettings = {
				ASSETCATALOG_COMPILER_APPICON_NAME = AppIcon;
				ASSETCATALOG_COMPILER_GLOBAL_ACCENT_COLOR_NAME = AccentColor;
				CODE_SIGN_STYLE = Automatic;
				CURRENT_PROJECT_VERSION = 1;
				DEVELOPMENT_ASSET_PATHS = "\"RecipeApp/Preview Content\"";
				ENABLE_PREVIEWS = YES;
				GENERATE_INFOPLIST_FILE = YES;
				INFOPLIST_KEY_UIApplicationSceneManifest_Generation = YES;
				INFOPLIST_KEY_UIApplicationSupportsIndirectInputEvents = YES;
				INFOPLIST_KEY_UILaunchScreen_Generation = YES;
				INFOPLIST_KEY_UISupportedInterfaceOrientations_iPad = "UIInterfaceOrientationPortrait UIInterfaceOrientationPortraitUpsideDown UIInterfaceOrientationLandscapeLeft UIInterfaceOrientationLandscapeRight";
				INFOPLIST_KEY_UISupportedInterfaceOrientations_iPhone = "UIInterfaceOrientationPortrait UIInterfaceOrientationLandscapeLeft UIInterfaceOrientationLandscapeRight";
				LD_RUNPATH_SEARCH_PATHS = (
					"$(inherited)",
					"@executable_path/Frameworks",
				);
				MARKETING_VERSION = 1.0;
				PRODUCT_BUNDLE_IDENTIFIER = edu.auburn.ejd0052.RecipeApp;
				PRODUCT_NAME = "$(TARGET_NAME)";
				SWIFT_EMIT_LOC_STRINGS = YES;
				SWIFT_VERSION = 5.0;
				TARGETED_DEVICE_FAMILY = "1,2";
			};
			name = Release;
		};
/* End XCBuildConfiguration section */

/* Begin XCConfigurationList section */
		D7C423102BDDCA2200789860 /* Build configuration list for PBXProject "RecipeApp" */ = {
			isa = XCConfigurationList;
			buildConfigurations = (
				D7C423212BDDCA2300789860 /* Debug */,
				D7C423222BDDCA2300789860 /* Release */,
			);
			defaultConfigurationIsVisible = 0;
			defaultConfigurationName = Release;
		};
		D7C423232BDDCA2300789860 /* Build configuration list for PBXNativeTarget "RecipeApp" */ = {
			isa = XCConfigurationList;
			buildConfigurations = (
				D7C423242BDDCA2300789860 /* Debug */,
				D7C423252BDDCA2300789860 /* Release */,
			);
			defaultConfigurationIsVisible = 0;
			defaultConfigurationName = Release;
		};
/* End XCConfigurationList section */

/* Begin XCRemoteSwiftPackageReference section */
		D7C423402BDDD6E800789860 /* XCRemoteSwiftPackageReference "firebase-ios-sdk" */ = {
			isa = XCRemoteSwiftPackageReference;
			repositoryURL = "https://github.com/firebase/firebase-ios-sdk";
			requirement = {
				kind = upToNextMajorVersion;
				minimumVersion = 10.24.0;
			};
		};
/* End XCRemoteSwiftPackageReference section */

/* Begin XCSwiftPackageProductDependency section */
		D7C423412BDDD6E800789860 /* FirebaseFirestore */ = {
			isa = XCSwiftPackageProductDependency;
			package = D7C423402BDDD6E800789860 /* XCRemoteSwiftPackageReference "firebase-ios-sdk" */;
			productName = FirebaseFirestore;
		};
		D7C423432BDDD6E800789860 /* FirebaseFirestoreSwift */ = {
			isa = XCSwiftPackageProductDependency;
			package = D7C423402BDDD6E800789860 /* XCRemoteSwiftPackageReference "firebase-ios-sdk" */;
			productName = FirebaseFirestoreSwift;
		};
/* End XCSwiftPackageProductDependency section */
	};
	rootObject = D7C4230D2BDDCA2200789860 /* Project object */;
}
